
Microsoft Visual Studio Solution File, Format Version 12.00
# Visual Studio Version 17
VisualStudioVersion = 17.0.31903.59
MinimumVisualStudioVersion = 10.0.40219.1
Project("{8BC9CEB8-8B4A-11D0-8D11-00A0C91BC942}") = "test_12_06", "test_12_06.vcxproj", "{68D1B07E-DDDC-4043-980F-B128B4B7348D}"
EndProject
Global
	GlobalSection(SolutionConfigurationPlatforms) = preSolution
		Debug|x64 = Debug|x64
		Debug|x86 = Debug|x86
		Release|x64 = Release|x64
		Release|x86 = Release|x86
	EndGlobalSection
	GlobalSection(ProjectConfigurationPlatforms) = postSolution
		{68D1B07E-DDDC-4043-980F-B128B4B7348D}.Debug|x64.ActiveCfg = Debug|x64
		{68D1B07E-DDDC-4043-980F-B128B4B7348D}.Debug|x64.Build.0 = Debug|x64
		{68D1B07E-DDDC-4043-980F-B128B4B7348D}.Debug|x86.ActiveCfg = Debug|Win32
		{68D1B07E-DDDC-4043-980F-B128B4B7348D}.Debug|x86.Build.0 = Debug|Win32
		{68D1B07E-DDDC-4043-980F-B128B4B7348D}.Release|x64.ActiveCfg = Release|x64
		{68D1B07E-DDDC-4043-980F-B128B4B7348D}.Release|x64.Build.0 = Release|x64
		{68D1B07E-DDDC-4043-980F-B128B4B7348D}.Release|x86.ActiveCfg = Release|Win32
		{68D1B07E-DDDC-4043-980F-B128B4B7348D}.Release|x86.Build.0 = Release|Win32
	EndGlobalSection
	GlobalSection(SolutionProperties) = preSolution
		HideSolutionNode = FALSE
	EndGlobalSection
	GlobalSection(ExtensibilityGlobals) = postSolution
		SolutionGuid = {7CFC1110-199E-4210-AFAE-9F43F4D23C0E}
	EndGlobalSection
EndGlobal
